# This file is autogenerated, do not edit; changes may be undone by the next 'dep ensure'.


[[projects]]
  branch = "master"
  name = "github.com/PuerkitoBio/goquery"
  packages = ["."]
  revision = "ce645ea5e67a713599b7415f21f0786451fa9554"

[[projects]]
  branch = "master"
  name = "github.com/andybalholm/cascadia"
  packages = ["."]
  revision = "349dd0209470eabd9514242c688c403c0926d266"

[[projects]]
  branch = "master"
  name = "github.com/flimzy/go-sql.js"
  packages = [".","bindings"]
  revision = "c7e22c0fd6e9ef291006bfa73b4aec250e905cca"

[[projects]]
  branch = "master"
  name = "github.com/gopherjs/gopherjs"
  packages = ["js"]
  revision = "b40cd48c38f9a18eb3db20d163bad78de12cf0b7"

[[projects]]
  branch = "master"
  name = "github.com/jmoiron/sqlx"
  packages = [".","reflectx"]
  revision = "d9bd385d68c068f1fabb5057e3dedcbcbb039d0f"

[[projects]]
  branch = "master"
  name = "github.com/mattn/go-sqlite3"
  packages = ["."]
  revision = "05548ff55570cdb9ac72ff4a25a3b5e77a6fb7e5"

[[projects]]
  branch = "master"
  name = "github.com/tkrajina/anki"
  packages = ["."]
  revision = "664ca91c3b4bd47114633830d7abf839ca957e3c"

[[projects]]
  branch = "master"
  name = "github.com/tkrajina/bingtts"
  packages = ["."]
  revision = "c04c1b8b12adbba52d9775fa799e178a66a5c10e"

[[projects]]
  branch = "master"
  name = "golang.org/x/net"
  packages = ["context","html","html/atom"]
  revision = "0744d001aa8470aaa53df28d32e5ceeb8af9bd70"

[solve-meta]
  analyzer-name = "dep"
  analyzer-version = 1
  inputs-digest = "af36a3e985daef2afa33b0e83e47101c9fceeca72f575ecc6275c16dc811beab"
  solver-name = "gps-cdcl"
  solver-version = 1
